// !$*UTF8*$!
{
	archiveVersion = 1;
	classes = {
	};
	objectVersion = 55;
	objects = {

/* Begin PBXBuildFile section */
		2716D7F2F99515A4092EC93B /* Pods_MovieArtApp.framework in Frameworks */ = {isa = PBXBuildFile; fileRef = 55E3822BB4C22E43D3DEBBEC /* Pods_MovieArtApp.framework */; };
		CE3E098228CA0B960089F856 /* NetworkManager.swift in Sources */ = {isa = PBXBuildFile; fileRef = CE3E098128CA0B960089F856 /* NetworkManager.swift */; };
		CE3E098428CA0F3A0089F856 /* NetworkHelper.swift in Sources */ = {isa = PBXBuildFile; fileRef = CE3E098328CA0F3A0089F856 /* NetworkHelper.swift */; };
		CE3E098728CC7EC70089F856 /* MoviesCell.swift in Sources */ = {isa = PBXBuildFile; fileRef = CE3E098528CC7EC70089F856 /* MoviesCell.swift */; };
		CE3E098828CC7EC70089F856 /* MoviesCell.xib in Resources */ = {isa = PBXBuildFile; fileRef = CE3E098628CC7EC70089F856 /* MoviesCell.xib */; };
		CE3E098A28CC825C0089F856 /* MoviesModel.swift in Sources */ = {isa = PBXBuildFile; fileRef = CE3E098928CC825C0089F856 /* MoviesModel.swift */; };
		CE3E098C28CC83660089F856 /* HomePagaController.swift in Sources */ = {isa = PBXBuildFile; fileRef = CE3E098B28CC83660089F856 /* HomePagaController.swift */; };
		CED6DC9228C7AA3900F29266 /* AppDelegate.swift in Sources */ = {isa = PBXBuildFile; fileRef = CED6DC9128C7AA3900F29266 /* AppDelegate.swift */; };
		CED6DC9428C7AA3900F29266 /* SceneDelegate.swift in Sources */ = {isa = PBXBuildFile; fileRef = CED6DC9328C7AA3900F29266 /* SceneDelegate.swift */; };
		CED6DC9928C7AA3900F29266 /* Main.storyboard in Resources */ = {isa = PBXBuildFile; fileRef = CED6DC9728C7AA3900F29266 /* Main.storyboard */; };
		CED6DC9C28C7AA3900F29266 /* MovieArtApp.xcdatamodeld in Sources */ = {isa = PBXBuildFile; fileRef = CED6DC9A28C7AA3900F29266 /* MovieArtApp.xcdatamodeld */; };
		CED6DC9E28C7AA3A00F29266 /* Assets.xcassets in Resources */ = {isa = PBXBuildFile; fileRef = CED6DC9D28C7AA3A00F29266 /* Assets.xcassets */; };
		CED6DCA128C7AA3A00F29266 /* LaunchScreen.storyboard in Resources */ = {isa = PBXBuildFile; fileRef = CED6DC9F28C7AA3A00F29266 /* LaunchScreen.storyboard */; };
/* End PBXBuildFile section */

/* Begin PBXFileReference section */
		55E3822BB4C22E43D3DEBBEC /* Pods_MovieArtApp.framework */ = {isa = PBXFileReference; explicitFileType = wrapper.framework; includeInIndex = 0; path = Pods_MovieArtApp.framework; sourceTree = BUILT_PRODUCTS_DIR; };
		5BBAE7E637F30CA0A664019A /* Pods-MovieArtApp.debug.xcconfig */ = {isa = PBXFileReference; includeInIndex = 1; lastKnownFileType = text.xcconfig; name = "Pods-MovieArtApp.debug.xcconfig"; path = "Target Support Files/Pods-MovieArtApp/Pods-MovieArtApp.debug.xcconfig"; sourceTree = "<group>"; };
		CE3E098128CA0B960089F856 /* NetworkManager.swift */ = {isa = PBXFileReference; lastKnownFileType = sourcecode.swift; path = NetworkManager.swift; sourceTree = "<group>"; };
		CE3E098328CA0F3A0089F856 /* NetworkHelper.swift */ = {isa = PBXFileReference; lastKnownFileType = sourcecode.swift; path = NetworkHelper.swift; sourceTree = "<group>"; };
		CE3E098528CC7EC70089F856 /* MoviesCell.swift */ = {isa = PBXFileReference; lastKnownFileType = sourcecode.swift; path = MoviesCell.swift; sourceTree = "<group>"; };
		CE3E098628CC7EC70089F856 /* MoviesCell.xib */ = {isa = PBXFileReference; lastKnownFileType = file.xib; path = MoviesCell.xib; sourceTree = "<group>"; };
		CE3E098928CC825C0089F856 /* MoviesModel.swift */ = {isa = PBXFileReference; lastKnownFileType = sourcecode.swift; path = MoviesModel.swift; sourceTree = "<group>"; };
		CE3E098B28CC83660089F856 /* HomePagaController.swift */ = {isa = PBXFileReference; lastKnownFileType = sourcecode.swift; path = HomePagaController.swift; sourceTree = "<group>"; };
		CED6DC8E28C7AA3900F29266 /* MovieArtApp.app */ = {isa = PBXFileReference; explicitFileType = wrapper.application; includeInIndex = 0; path = MovieArtApp.app; sourceTree = BUILT_PRODUCTS_DIR; };
		CED6DC9128C7AA3900F29266 /* AppDelegate.swift */ = {isa = PBXFileReference; lastKnownFileType = sourcecode.swift; path = AppDelegate.swift; sourceTree = "<group>"; };
		CED6DC9328C7AA3900F29266 /* SceneDelegate.swift */ = {isa = PBXFileReference; lastKnownFileType = sourcecode.swift; path = SceneDelegate.swift; sourceTree = "<group>"; };
		CED6DC9828C7AA3900F29266 /* Base */ = {isa = PBXFileReference; lastKnownFileType = file.storyboard; name = Base; path = Base.lproj/Main.storyboard; sourceTree = "<group>"; };
		CED6DC9B28C7AA3900F29266 /* MovieArtApp.xcdatamodel */ = {isa = PBXFileReference; lastKnownFileType = wrapper.xcdatamodel; path = MovieArtApp.xcdatamodel; sourceTree = "<group>"; };
		CED6DC9D28C7AA3A00F29266 /* Assets.xcassets */ = {isa = PBXFileReference; lastKnownFileType = folder.assetcatalog; path = Assets.xcassets; sourceTree = "<group>"; };
		CED6DCA028C7AA3A00F29266 /* Base */ = {isa = PBXFileReference; lastKnownFileType = file.storyboard; name = Base; path = Base.lproj/LaunchScreen.storyboard; sourceTree = "<group>"; };
		CED6DCA228C7AA3A00F29266 /* Info.plist */ = {isa = PBXFileReference; lastKnownFileType = text.plist.xml; path = Info.plist; sourceTree = "<group>"; };
		F3190B127F1762ED564876F8 /* Pods-MovieArtApp.release.xcconfig */ = {isa = PBXFileReference; includeInIndex = 1; lastKnownFileType = text.xcconfig; name = "Pods-MovieArtApp.release.xcconfig"; path = "Target Support Files/Pods-MovieArtApp/Pods-MovieArtApp.release.xcconfig"; sourceTree = "<group>"; };
/* End PBXFileReference section */

/* Begin PBXFrameworksBuildPhase section */
		CED6DC8B28C7AA3900F29266 /* Frameworks */ = {
			isa = PBXFrameworksBuildPhase;
			buildActionMask = 2147483647;
			files = (
				2716D7F2F99515A4092EC93B /* Pods_MovieArtApp.framework in Frameworks */,
			);
			runOnlyForDeploymentPostprocessing = 0;
		};
/* End PBXFrameworksBuildPhase section */

/* Begin PBXGroup section */
		21F6926F5900BEBF62E8F2EB /* Frameworks */ = {
			isa = PBXGroup;
			children = (
				55E3822BB4C22E43D3DEBBEC /* Pods_MovieArtApp.framework */,
			);
			name = Frameworks;
			sourceTree = "<group>";
		};
		7D6E51DE05DE219AE4FDE01C /* Pods */ = {
			isa = PBXGroup;
			children = (
				5BBAE7E637F30CA0A664019A /* Pods-MovieArtApp.debug.xcconfig */,
				F3190B127F1762ED564876F8 /* Pods-MovieArtApp.release.xcconfig */,
			);
			path = Pods;
			sourceTree = "<group>";
		};
		CE3E096A28CA067C0089F856 /* NetworkLayer */ = {
			isa = PBXGroup;
			children = (
				CE3E096C28CA068A0089F856 /* ManagerFiles */,
				CE3E096B28CA06860089F856 /* Core */,
			);
			path = NetworkLayer;
			sourceTree = "<group>";
		};
		CE3E096B28CA06860089F856 /* Core */ = {
			isa = PBXGroup;
			children = (
				CE3E098128CA0B960089F856 /* NetworkManager.swift */,
				CE3E098328CA0F3A0089F856 /* NetworkHelper.swift */,
			);
			path = Core;
			sourceTree = "<group>";
		};
		CE3E096C28CA068A0089F856 /* ManagerFiles */ = {
			isa = PBXGroup;
			children = (
			);
			path = ManagerFiles;
			sourceTree = "<group>";
		};
		CE3E096D28CA06B70089F856 /* Helper */ = {
			isa = PBXGroup;
			children = (
			);
			path = Helper;
			sourceTree = "<group>";
		};
		CE3E096E28CA06CA0089F856 /* Scene */ = {
			isa = PBXGroup;
			children = (
				CE3E097528CA0A750089F856 /* HomePage */,
				CE3E097B28CA0ABE0089F856 /* Search */,
				CE3E096F28CA06DF0089F856 /* Favourite */,
			);
			path = Scene;
			sourceTree = "<group>";
		};
		CE3E096F28CA06DF0089F856 /* Favourite */ = {
			isa = PBXGroup;
			children = (
				CE3E097228CA06F20089F856 /* Model */,
				CE3E097128CA06EF0089F856 /* View */,
				CE3E097028CA06EB0089F856 /* ViewModel */,
			);
			path = Favourite;
			sourceTree = "<group>";
		};
		CE3E097028CA06EB0089F856 /* ViewModel */ = {
			isa = PBXGroup;
			children = (
			);
			path = ViewModel;
			sourceTree = "<group>";
		};
		CE3E097128CA06EF0089F856 /* View */ = {
			isa = PBXGroup;
			children = (
				CE3E097428CA07220089F856 /* Controller */,
				CE3E097328CA071B0089F856 /* Cell */,
			);
			path = View;
			sourceTree = "<group>";
		};
		CE3E097228CA06F20089F856 /* Model */ = {
			isa = PBXGroup;
			children = (
			);
			path = Model;
			sourceTree = "<group>";
		};
		CE3E097328CA071B0089F856 /* Cell */ = {
			isa = PBXGroup;
			children = (
			);
			path = Cell;
			sourceTree = "<group>";
		};
		CE3E097428CA07220089F856 /* Controller */ = {
			isa = PBXGroup;
			children = (
			);
			path = Controller;
			sourceTree = "<group>";
		};
		CE3E097528CA0A750089F856 /* HomePage */ = {
			isa = PBXGroup;
			children = (
				CE3E097628CA0A750089F856 /* Model */,
				CE3E097728CA0A750089F856 /* View */,
				CE3E097828CA0A750089F856 /* ViewModel */,
			);
			name = HomePage;
			path = ../HomePage;
			sourceTree = "<group>";
		};
		CE3E097628CA0A750089F856 /* Model */ = {
			isa = PBXGroup;
			children = (
				CE3E098928CC825C0089F856 /* MoviesModel.swift */,
			);
			path = Model;
			sourceTree = "<group>";
		};
		CE3E097728CA0A750089F856 /* View */ = {
			isa = PBXGroup;
			children = (
				CE3E097928CA0A750089F856 /* Controller */,
				CE3E097A28CA0A750089F856 /* Cell */,
			);
			path = View;
			sourceTree = "<group>";
		};
		CE3E097828CA0A750089F856 /* ViewModel */ = {
			isa = PBXGroup;
			children = (
			);
			path = ViewModel;
			sourceTree = "<group>";
		};
		CE3E097928CA0A750089F856 /* Controller */ = {
			isa = PBXGroup;
			children = (
				CE3E098B28CC83660089F856 /* HomePagaController.swift */,
			);
			path = Controller;
			sourceTree = "<group>";
		};
		CE3E097A28CA0A750089F856 /* Cell */ = {
			isa = PBXGroup;
			children = (
				CE3E098528CC7EC70089F856 /* MoviesCell.swift */,
				CE3E098628CC7EC70089F856 /* MoviesCell.xib */,
			);
			path = Cell;
			sourceTree = "<group>";
		};
		CE3E097B28CA0ABE0089F856 /* Search */ = {
			isa = PBXGroup;
			children = (
				CE3E097C28CA0ABE0089F856 /* Model */,
				CE3E097D28CA0ABE0089F856 /* View */,
				CE3E097E28CA0ABE0089F856 /* ViewModel */,
			);
			path = Search;
			sourceTree = "<group>";
		};
		CE3E097C28CA0ABE0089F856 /* Model */ = {
			isa = PBXGroup;
			children = (
			);
			path = Model;
			sourceTree = "<group>";
		};
		CE3E097D28CA0ABE0089F856 /* View */ = {
			isa = PBXGroup;
			children = (
				CE3E097F28CA0ABE0089F856 /* Controller */,
				CE3E098028CA0ABE0089F856 /* Cell */,
			);
			path = View;
			sourceTree = "<group>";
		};
		CE3E097E28CA0ABE0089F856 /* ViewModel */ = {
			isa = PBXGroup;
			children = (
			);
			path = ViewModel;
			sourceTree = "<group>";
		};
		CE3E097F28CA0ABE0089F856 /* Controller */ = {
			isa = PBXGroup;
			children = (
			);
			path = Controller;
			sourceTree = "<group>";
		};
		CE3E098028CA0ABE0089F856 /* Cell */ = {
			isa = PBXGroup;
			children = (
			);
			path = Cell;
			sourceTree = "<group>";
		};
		CED6DC8528C7AA3900F29266 = {
			isa = PBXGroup;
			children = (
				CED6DC9028C7AA3900F29266 /* MovieArtApp */,
				CED6DC8F28C7AA3900F29266 /* Products */,
				7D6E51DE05DE219AE4FDE01C /* Pods */,
				21F6926F5900BEBF62E8F2EB /* Frameworks */,
			);
			sourceTree = "<group>";
		};
		CED6DC8F28C7AA3900F29266 /* Products */ = {
			isa = PBXGroup;
			children = (
				CED6DC8E28C7AA3900F29266 /* MovieArtApp.app */,
			);
			name = Products;
			sourceTree = "<group>";
		};
		CED6DC9028C7AA3900F29266 /* MovieArtApp */ = {
			isa = PBXGroup;
			children = (
				CED6DC9128C7AA3900F29266 /* AppDelegate.swift */,
				CED6DC9328C7AA3900F29266 /* SceneDelegate.swift */,
				CE3E096A28CA067C0089F856 /* NetworkLayer */,
				CE3E096D28CA06B70089F856 /* Helper */,
				CE3E096E28CA06CA0089F856 /* Scene */,
				CED6DC9728C7AA3900F29266 /* Main.storyboard */,
				CED6DC9D28C7AA3A00F29266 /* Assets.xcassets */,
				CED6DC9F28C7AA3A00F29266 /* LaunchScreen.storyboard */,
				CED6DCA228C7AA3A00F29266 /* Info.plist */,
				CED6DC9A28C7AA3900F29266 /* MovieArtApp.xcdatamodeld */,
			);
			path = MovieArtApp;
			sourceTree = "<group>";
		};
/* End PBXGroup section */

/* Begin PBXNativeTarget section */
		CED6DC8D28C7AA3900F29266 /* MovieArtApp */ = {
			isa = PBXNativeTarget;
			buildConfigurationList = CED6DCA528C7AA3A00F29266 /* Build configuration list for PBXNativeTarget "MovieArtApp" */;
			buildPhases = (
				A1183BB202EC04020D9AB3D8 /* [CP] Check Pods Manifest.lock */,
				CED6DC8A28C7AA3900F29266 /* Sources */,
				CED6DC8B28C7AA3900F29266 /* Frameworks */,
				CED6DC8C28C7AA3900F29266 /* Resources */,
				8391CBDD33DD98B3ED786A77 /* [CP] Embed Pods Frameworks */,
			);
			buildRules = (
			);
			dependencies = (
			);
			name = MovieArtApp;
			productName = MovieArtApp;
			productReference = CED6DC8E28C7AA3900F29266 /* MovieArtApp.app */;
			productType = "com.apple.product-type.application";
		};
/* End PBXNativeTarget section */

/* Begin PBXProject section */
		CED6DC8628C7AA3900F29266 /* Project object */ = {
			isa = PBXProject;
			attributes = {
				BuildIndependentTargetsInParallel = 1;
				LastSwiftUpdateCheck = 1340;
				LastUpgradeCheck = 1340;
				TargetAttributes = {
					CED6DC8D28C7AA3900F29266 = {
						CreatedOnToolsVersion = 13.4.1;
					};
				};
			};
			buildConfigurationList = CED6DC8928C7AA3900F29266 /* Build configuration list for PBXProject "MovieArtApp" */;
			compatibilityVersion = "Xcode 13.0";
			developmentRegion = en;
			hasScannedForEncodings = 0;
			knownRegions = (
				en,
				Base,
			);
			mainGroup = CED6DC8528C7AA3900F29266;
			productRefGroup = CED6DC8F28C7AA3900F29266 /* Products */;
			projectDirPath = "";
			projectRoot = "";
			targets = (
				CED6DC8D28C7AA3900F29266 /* MovieArtApp */,
			);
		};
/* End PBXProject section */

/* Begin PBXResourcesBuildPhase section */
		CED6DC8C28C7AA3900F29266 /* Resources */ = {
			isa = PBXResourcesBuildPhase;
			buildActionMask = 2147483647;
			files = (
				CED6DCA128C7AA3A00F29266 /* LaunchScreen.storyboard in Resources */,
				CED6DC9E28C7AA3A00F29266 /* Assets.xcassets in Resources */,
				CE3E098828CC7EC70089F856 /* MoviesCell.xib in Resources */,
				CED6DC9928C7AA3900F29266 /* Main.storyboard in Resources */,
			);
			runOnlyForDeploymentPostprocessing = 0;
		};
/* End PBXResourcesBuildPhase section */

/* Begin PBXShellScriptBuildPhase section */
		8391CBDD33DD98B3ED786A77 /* [CP] Embed Pods Frameworks */ = {
			isa = PBXShellScriptBuildPhase;
			buildActionMask = 2147483647;
			files = (
			);
			inputFileListPaths = (
				"${PODS_ROOT}/Target Support Files/Pods-MovieArtApp/Pods-MovieArtApp-frameworks-${CONFIGURATION}-input-files.xcfilelist",
			);
			name = "[CP] Embed Pods Frameworks";
			outputFileListPaths = (
				"${PODS_ROOT}/Target Support Files/Pods-MovieArtApp/Pods-MovieArtApp-frameworks-${CONFIGURATION}-output-files.xcfilelist",
			);
			runOnlyForDeploymentPostprocessing = 0;
			shellPath = /bin/sh;
			shellScript = "\"${PODS_ROOT}/Target Support Files/Pods-MovieArtApp/Pods-MovieArtApp-frameworks.sh\"\n";
			showEnvVarsInLog = 0;
		};
		A1183BB202EC04020D9AB3D8 /* [CP] Check Pods Manifest.lock */ = {
			isa = PBXShellScriptBuildPhase;
			buildActionMask = 2147483647;
			files = (
			);
			inputFileListPaths = (
			);
			inputPaths = (
				"${PODS_PODFILE_DIR_PATH}/Podfile.lock",
				"${PODS_ROOT}/Manifest.lock",
			);
			name = "[CP] Check Pods Manifest.lock";
			outputFileListPaths = (
			);
			outputPaths = (
				"$(DERIVED_FILE_DIR)/Pods-MovieArtApp-checkManifestLockResult.txt",
			);
			runOnlyForDeploymentPostprocessing = 0;
			shellPath = /bin/sh;
			shellScript = "diff \"${PODS_PODFILE_DIR_PATH}/Podfile.lock\" \"${PODS_ROOT}/Manifest.lock\" > /dev/null\nif [ $? != 0 ] ; then\n    # print error to STDERR\n    echo \"error: The sandbox is not in sync with the Podfile.lock. Run 'pod install' or update your CocoaPods installation.\" >&2\n    exit 1\nfi\n# This output is used by Xcode 'outputs' to avoid re-running this script phase.\necho \"SUCCESS\" > \"${SCRIPT_OUTPUT_FILE_0}\"\n";
			showEnvVarsInLog = 0;
		};
/* End PBXShellScriptBuildPhase section */

/* Begin PBXSourcesBuildPhase section */
		CED6DC8A28C7AA3900F29266 /* Sources */ = {
			isa = PBXSourcesBuildPhase;
			buildActionMask = 2147483647;
			files = (
				CE3E098228CA0B960089F856 /* NetworkManager.swift in Sources */,
				CE3E098C28CC83660089F856 /* HomePagaController.swift in Sources */,
				CED6DC9C28C7AA3900F29266 /* MovieArtApp.xcdatamodeld in Sources */,
				CE3E098728CC7EC70089F856 /* MoviesCell.swift in Sources */,
				CE3E098A28CC825C0089F856 /* MoviesModel.swift in Sources */,
				CE3E098428CA0F3A0089F856 /* NetworkHelper.swift in Sources */,
				CED6DC9228C7AA3900F29266 /* AppDelegate.swift in Sources */,
				CED6DC9428C7AA3900F29266 /* SceneDelegate.swift in Sources */,
			);
			runOnlyForDeploymentPostprocessing = 0;
		};
/* End PBXSourcesBuildPhase section */

/* Begin PBXVariantGroup section */
		CED6DC9728C7AA3900F29266 /* Main.storyboard */ = {
			isa = PBXVariantGroup;
			children = (
				CED6DC9828C7AA3900F29266 /* Base */,
			);
			name = Main.storyboard;
			sourceTree = "<group>";
		};
		CED6DC9F28C7AA3A00F29266 /* LaunchScreen.storyboard */ = {
			isa = PBXVariantGroup;
			children = (
				CED6DCA028C7AA3A00F29266 /* Base */,
			);
			name = LaunchScreen.storyboard;
			sourceTree = "<group>";
		};
/* End PBXVariantGroup section */

/* Begin XCBuildConfiguration section */
		CED6DCA328C7AA3A00F29266 /* Debug */ = {
			isa = XCBuildConfiguration;
			buildSettings = {
				ALWAYS_SEARCH_USER_PATHS = NO;
				CLANG_ANALYZER_NONNULL = YES;
				CLANG_ANALYZER_NUMBER_OBJECT_CONVERSION = YES_AGGRESSIVE;
				CLANG_CXX_LANGUAGE_STANDARD = "gnu++17";
				CLANG_ENABLE_MODULES = YES;
				CLANG_ENABLE_OBJC_ARC = YES;
				CLANG_ENABLE_OBJC_WEAK = YES;
				CLANG_WARN_BLOCK_CAPTURE_AUTORELEASING = YES;
				CLANG_WARN_BOOL_CONVERSION = YES;
				CLANG_WARN_COMMA = YES;
				CLANG_WARN_CONSTANT_CONVERSION = YES;
				CLANG_WARN_DEPRECATED_OBJC_IMPLEMENTATIONS = YES;
				CLANG_WARN_DIRECT_OBJC_ISA_USAGE = YES_ERROR;
				CLANG_WARN_DOCUMENTATION_COMMENTS = YES;
				CLANG_WARN_EMPTY_BODY = YES;
				CLANG_WARN_ENUM_CONVERSION = YES;
				CLANG_WARN_INFINITE_RECURSION = YES;
				CLANG_WARN_INT_CONVERSION = YES;
				CLANG_WARN_NON_LITERAL_NULL_CONVERSION = YES;
				CLANG_WARN_OBJC_IMPLICIT_RETAIN_SELF = YES;
				CLANG_WARN_OBJC_LITERAL_CONVERSION = YES;
				CLANG_WARN_OBJC_ROOT_CLASS = YES_ERROR;
				CLANG_WARN_QUOTED_INCLUDE_IN_FRAMEWORK_HEADER = YES;
				CLANG_WARN_RANGE_LOOP_ANALYSIS = YES;
				CLANG_WARN_STRICT_PROTOTYPES = YES;
				CLANG_WARN_SUSPICIOUS_MOVE = YES;
				CLANG_WARN_UNGUARDED_AVAILABILITY = YES_AGGRESSIVE;
				CLANG_WARN_UNREACHABLE_CODE = YES;
				CLANG_WARN__DUPLICATE_METHOD_MATCH = YES;
				COPY_PHASE_STRIP = NO;
				DEBUG_INFORMATION_FORMAT = dwarf;
				ENABLE_STRICT_OBJC_MSGSEND = YES;
				ENABLE_TESTABILITY = YES;
				GCC_C_LANGUAGE_STANDARD = gnu11;
				GCC_DYNAMIC_NO_PIC = NO;
				GCC_NO_COMMON_BLOCKS = YES;
				GCC_OPTIMIZATION_LEVEL = 0;
				GCC_PREPROCESSOR_DEFINITIONS = (
					"DEBUG=1",
					"$(inherited)",
				);
				GCC_WARN_64_TO_32_BIT_CONVERSION = YES;
				GCC_WARN_ABOUT_RETURN_TYPE = YES_ERROR;
				GCC_WARN_UNDECLARED_SELECTOR = YES;
				GCC_WARN_UNINITIALIZED_AUTOS = YES_AGGRESSIVE;
				GCC_WARN_UNUSED_FUNCTION = YES;
				GCC_WARN_UNUSED_VARIABLE = YES;
				IPHONEOS_DEPLOYMENT_TARGET = 15.5;
				MTL_ENABLE_DEBUG_INFO = INCLUDE_SOURCE;
				MTL_FAST_MATH = YES;
				ONLY_ACTIVE_ARCH = YES;
				SDKROOT = iphoneos;
				SWIFT_ACTIVE_COMPILATION_CONDITIONS = DEBUG;
				SWIFT_OPTIMIZATION_LEVEL = "-Onone";
			};
			name = Debug;
		};
		CED6DCA428C7AA3A00F29266 /* Release */ = {
			isa = XCBuildConfiguration;
			buildSettings = {
				ALWAYS_SEARCH_USER_PATHS = NO;
				CLANG_ANALYZER_NONNULL = YES;
				CLANG_ANALYZER_NUMBER_OBJECT_CONVERSION = YES_AGGRESSIVE;
				CLANG_CXX_LANGUAGE_STANDARD = "gnu++17";
				CLANG_ENABLE_MODULES = YES;
				CLANG_ENABLE_OBJC_ARC = YES;
				CLANG_ENABLE_OBJC_WEAK = YES;
				CLANG_WARN_BLOCK_CAPTURE_AUTORELEASING = YES;
				CLANG_WARN_BOOL_CONVERSION = YES;
				CLANG_WARN_COMMA = YES;
				CLANG_WARN_CONSTANT_CONVERSION = YES;
				CLANG_WARN_DEPRECATED_OBJC_IMPLEMENTATIONS = YES;
				CLANG_WARN_DIRECT_OBJC_ISA_USAGE = YES_ERROR;
				CLANG_WARN_DOCUMENTATION_COMMENTS = YES;
				CLANG_WARN_EMPTY_BODY = YES;
				CLANG_WARN_ENUM_CONVERSION = YES;
				CLANG_WARN_INFINITE_RECURSION = YES;
				CLANG_WARN_INT_CONVERSION = YES;
				CLANG_WARN_NON_LITERAL_NULL_CONVERSION = YES;
				CLANG_WARN_OBJC_IMPLICIT_RETAIN_SELF = YES;
				CLANG_WARN_OBJC_LITERAL_CONVERSION = YES;
				CLANG_WARN_OBJC_ROOT_CLASS = YES_ERROR;
				CLANG_WARN_QUOTED_INCLUDE_IN_FRAMEWORK_HEADER = YES;
				CLANG_WARN_RANGE_LOOP_ANALYSIS = YES;
				CLANG_WARN_STRICT_PROTOTYPES = YES;
				CLANG_WARN_SUSPICIOUS_MOVE = YES;
				CLANG_WARN_UNGUARDED_AVAILABILITY = YES_AGGRESSIVE;
				CLANG_WARN_UNREACHABLE_CODE = YES;
				CLANG_WARN__DUPLICATE_METHOD_MATCH = YES;
				COPY_PHASE_STRIP = NO;
				DEBUG_INFORMATION_FORMAT = "dwarf-with-dsym";
				ENABLE_NS_ASSERTIONS = NO;
				ENABLE_STRICT_OBJC_MSGSEND = YES;
				GCC_C_LANGUAGE_STANDARD = gnu11;
				GCC_NO_COMMON_BLOCKS = YES;
				GCC_WARN_64_TO_32_BIT_CONVERSION = YES;
				GCC_WARN_ABOUT_RETURN_TYPE = YES_ERROR;
				GCC_WARN_UNDECLARED_SELECTOR = YES;
				GCC_WARN_UNINITIALIZED_AUTOS = YES_AGGRESSIVE;
				GCC_WARN_UNUSED_FUNCTION = YES;
				GCC_WARN_UNUSED_VARIABLE = YES;
				IPHONEOS_DEPLOYMENT_TARGET = 15.5;
				MTL_ENABLE_DEBUG_INFO = NO;
				MTL_FAST_MATH = YES;
				SDKROOT = iphoneos;
				SWIFT_COMPILATION_MODE = wholemodule;
				SWIFT_OPTIMIZATION_LEVEL = "-O";
				VALIDATE_PRODUCT = YES;
			};
			name = Release;
		};
		CED6DCA628C7AA3A00F29266 /* Debug */ = {
			isa = XCBuildConfiguration;
			baseConfigurationReference = 5BBAE7E637F30CA0A664019A /* Pods-MovieArtApp.debug.xcconfig */;
			buildSettings = {
				ASSETCATALOG_COMPILER_APPICON_NAME = AppIcon;
				ASSETCATALOG_COMPILER_GLOBAL_ACCENT_COLOR_NAME = AccentColor;
				CODE_SIGN_STYLE = Automatic;
				CURRENT_PROJECT_VERSION = 1;
				DEVELOPMENT_TEAM = M95DBH5FSP;
				GENERATE_INFOPLIST_FILE = YES;
				INFOPLIST_FILE = MovieArtApp/Info.plist;
				INFOPLIST_KEY_UIApplicationSupportsIndirectInputEvents = YES;
				INFOPLIST_KEY_UILaunchStoryboardName = LaunchScreen;
				INFOPLIST_KEY_UIMainStoryboardFile = Main;
				INFOPLIST_KEY_UISupportedInterfaceOrientations = UIInterfaceOrientationPortrait;
				INFOPLIST_KEY_UISupportedInterfaceOrientations_iPad = "UIInterfaceOrientationPortrait UIInterfaceOrientationPortraitUpsideDown UIInterfaceOrientationLandscapeLeft UIInterfaceOrientationLandscapeRight";
				INFOPLIST_KEY_UISupportedInterfaceOrientations_iPhone = "UIInterfaceOrientationPortrait UIInterfaceOrientationLandscapeLeft UIInterfaceOrientationLandscapeRight";
				IPHONEOS_DEPLOYMENT_TARGET = 14.0;
				LD_RUNPATH_SEARCH_PATHS = (
					"$(inherited)",
					"@executable_path/Frameworks",
				);
				MARKETING_VERSION = 1.0;
				PRODUCT_BUNDLE_IDENTIFIER = vasif.com.MovieArtApp;
				PRODUCT_NAME = "$(TARGET_NAME)";
				SWIFT_EMIT_LOC_STRINGS = YES;
				SWIFT_VERSION = 5.0;
				TARGETED_DEVICE_FAMILY = 1;
			};
			name = Debug;
		};
		CED6DCA728C7AA3A00F29266 /* Release */ = {
			isa = XCBuildConfiguration;
			baseConfigurationReference = F3190B127F1762ED564876F8 /* Pods-MovieArtApp.release.xcconfig */;
			buildSettings = {
				ASSETCATALOG_COMPILER_APPICON_NAME = AppIcon;
				ASSETCATALOG_COMPILER_GLOBAL_ACCENT_COLOR_NAME = AccentColor;
				CODE_SIGN_STYLE = Automatic;
				CURRENT_PROJECT_VERSION = 1;
				DEVELOPMENT_TEAM = M95DBH5FSP;
				GENERATE_INFOPLIST_FILE = YES;
				INFOPLIST_FILE = MovieArtApp/Info.plist;
				INFOPLIST_KEY_UIApplicationSupportsIndirectInputEvents = YES;
				INFOPLIST_KEY_UILaunchStoryboardName = LaunchScreen;
				INFOPLIST_KEY_UIMainStoryboardFile = Main;
				INFOPLIST_KEY_UISupportedInterfaceOrientations = UIInterfaceOrientationPortrait;
				INFOPLIST_KEY_UISupportedInterfaceOrientations_iPad = "UIInterfaceOrientationPortrait UIInterfaceOrientationPortraitUpsideDown UIInterfaceOrientationLandscapeLeft UIInterfaceOrientationLandscapeRight";
				INFOPLIST_KEY_UISupportedInterfaceOrientations_iPhone = "UIInterfaceOrientationPortrait UIInterfaceOrientationLandscapeLeft UIInterfaceOrientationLandscapeRight";
				IPHONEOS_DEPLOYMENT_TARGET = 14.0;
				LD_RUNPATH_SEARCH_PATHS = (
					"$(inherited)",
					"@executable_path/Frameworks",
				);
				MARKETING_VERSION = 1.0;
				PRODUCT_BUNDLE_IDENTIFIER = vasif.com.MovieArtApp;
				PRODUCT_NAME = "$(TARGET_NAME)";
				SWIFT_EMIT_LOC_STRINGS = YES;
				SWIFT_VERSION = 5.0;
				TARGETED_DEVICE_FAMILY = 1;
			};
			name = Release;
		};
/* End XCBuildConfiguration section */

/* Begin XCConfigurationList section */
		CED6DC8928C7AA3900F29266 /* Build configuration list for PBXProject "MovieArtApp" */ = {
			isa = XCConfigurationList;
			buildConfigurations = (
				CED6DCA328C7AA3A00F29266 /* Debug */,
				CED6DCA428C7AA3A00F29266 /* Release */,
			);
			defaultConfigurationIsVisible = 0;
			defaultConfigurationName = Release;
		};
		CED6DCA528C7AA3A00F29266 /* Build configuration list for PBXNativeTarget "MovieArtApp" */ = {
			isa = XCConfigurationList;
			buildConfigurations = (
				CED6DCA628C7AA3A00F29266 /* Debug */,
				CED6DCA728C7AA3A00F29266 /* Release */,
			);
			defaultConfigurationIsVisible = 0;
			defaultConfigurationName = Release;
		};
/* End XCConfigurationList section */

/* Begin XCVersionGroup section */
		CED6DC9A28C7AA3900F29266 /* MovieArtApp.xcdatamodeld */ = {
			isa = XCVersionGroup;
			children = (
				CED6DC9B28C7AA3900F29266 /* MovieArtApp.xcdatamodel */,
			);
			currentVersion = CED6DC9B28C7AA3900F29266 /* MovieArtApp.xcdatamodel */;
			path = MovieArtApp.xcdatamodeld;
			sourceTree = "<group>";
			versionGroupType = wrapper.xcdatamodel;
		};
/* End XCVersionGroup section */
	};
	rootObject = CED6DC8628C7AA3900F29266 /* Project object */;
}
